<?xml version="1.0" encoding="utf-8"?>
<Project ToolsVersion="4.0" xmlns="http://schemas.microsoft.com/developer/msbuild/2003">
  <ItemGroup>
    <Filter Include="소스 파일">
      <UniqueIdentifier>{4FC737F1-C7A5-4376-A066-2A32D752A2FF}</UniqueIdentifier>
      <Extensions>cpp;c;cc;cxx;c++;cppm;ixx;def;odl;idl;hpj;bat;asm;asmx</Extensions>
    </Filter>
    <Filter Include="헤더 파일">
      <UniqueIdentifier>{93995380-89BD-4b04-88EB-625FBE52EBFB}</UniqueIdentifier>
      <Extensions>h;hh;hpp;hxx;h++;hm;inl;inc;ipp;xsd</Extensions>
    </Filter>
    <Filter Include="리소스 파일">
      <UniqueIdentifier>{67DA6AB6-F800-4c08-8B7A-83BB121AAD01}</UniqueIdentifier>
      <Extensions>rc;ico;cur;bmp;dlg;rc2;rct;bin;rgs;gif;jpg;jpeg;jpe;resx;tiff;tif;png;wav;mfcribbon-ms</Extensions>
    </Filter>
    <Filter Include="소스 파일\chapter3">
      <UniqueIdentifier>{96d8e599-d631-47d8-ae24-107e4bcf78c4}</UniqueIdentifier>
    </Filter>
    <Filter Include="소스 파일\chapter2">
      <UniqueIdentifier>{ea150ec8-949a-4abe-b705-e58bbb4fd4fa}</UniqueIdentifier>
    </Filter>
    <Filter Include="소스 파일\Assignment1">
      <UniqueIdentifier>{0b072903-ca2a-401b-9ff8-862017cb7a3b}</UniqueIdentifier>
    </Filter>
    <Filter Include="소스 파일\chapter4">
      <UniqueIdentifier>{5f12e360-6a99-4511-8bfb-9d54004fb3a6}</UniqueIdentifier>
    </Filter>
    <Filter Include="소스 파일\Quiz1">
      <UniqueIdentifier>{c06eb291-909f-44f2-ae0b-f4bba19a1e1f}</UniqueIdentifier>
    </Filter>
    <Filter Include="소스 파일\chapter5">
      <UniqueIdentifier>{35093019-6ef9-4323-a313-814380d1457c}</UniqueIdentifier>
    </Filter>
    <Filter Include="소스 파일\chapter6">
      <UniqueIdentifier>{300ae320-2f6a-46a1-bfda-23fb8869d151}</UniqueIdentifier>
    </Filter>
    <Filter Include="소스 파일\chapter7">
      <UniqueIdentifier>{74126aae-db39-46c3-9b23-0ec7f9b1a38c}</UniqueIdentifier>
    </Filter>
    <Filter Include="소스 파일\lecture8">
      <UniqueIdentifier>{336305b7-bfc1-4b6a-9e6f-1b683c5568ce}</UniqueIdentifier>
    </Filter>
  </ItemGroup>
  <ItemGroup>
    <ClCompile Include="postFix.c">
      <Filter>소스 파일\Quiz1</Filter>
    </ClCompile>
    <ClCompile Include="Stack.c">
      <Filter>소스 파일\Quiz1</Filter>
    </ClCompile>
    <ClCompile Include="lecture2_factorial_for.c">
      <Filter>소스 파일\chapter2</Filter>
    </ClCompile>
    <ClCompile Include="lecture2_factorial_recursive.c">
      <Filter>소스 파일\chapter2</Filter>
    </ClCompile>
    <ClCompile Include="lecture2_fast_power.c">
      <Filter>소스 파일\chapter2</Filter>
    </ClCompile>
    <ClCompile Include="lecture2_fib_iter.c">
      <Filter>소스 파일\chapter2</Filter>
    </ClCompile>
    <ClCompile Include="lecture2_fib_recursive.c">
      <Filter>소스 파일\chapter2</Filter>
    </ClCompile>
    <ClCompile Include="lecture2_hanoi.c">
      <Filter>소스 파일\chapter2</Filter>
    </ClCompile>
    <ClCompile Include="lecture2_slow_power.c">
      <Filter>소스 파일\chapter2</Filter>
    </ClCompile>
    <ClCompile Include="lecture3_poly_1.c">
      <Filter>소스 파일\chapter3</Filter>
    </ClCompile>
    <ClCompile Include="lecture3_poly_2.c">
      <Filter>소스 파일\chapter3</Filter>
    </ClCompile>
    <ClCompile Include="lecture4_Maze1.c">
      <Filter>소스 파일\chapter4</Filter>
    </ClCompile>
    <ClCompile Include="lecture4_num10.c">
      <Filter>소스 파일\chapter4</Filter>
    </ClCompile>
    <ClCompile Include="lecture4_Stack5.c">
      <Filter>소스 파일\chapter4</Filter>
    </ClCompile>
    <ClCompile Include="..\..\..\..\Desktop\2020-2\1.자료 구조\DataStructure\DS_Project1\DS_Project1\assignment_Maze.c">
      <Filter>소스 파일\Assignment1</Filter>
    </ClCompile>
    <ClCompile Include="assignment_Maze_1876166.c">
      <Filter>소스 파일\Assignment1</Filter>
    </ClCompile>
    <ClCompile Include="..\..\..\..\Desktop\2020-2\1.자료 구조\DataStructure\DS_Project1\DS_Project1\assignment_num9.c">
      <Filter>소스 파일\Assignment1</Filter>
    </ClCompile>
    <ClCompile Include="assignment_Queue_1876166.c">
      <Filter>소스 파일\Assignment1</Filter>
    </ClCompile>
    <ClCompile Include="assignment_try1.c">
      <Filter>소스 파일\Assignment1</Filter>
    </ClCompile>
    <ClCompile Include="assignment_try2.c">
      <Filter>소스 파일\Assignment1</Filter>
    </ClCompile>
    <ClCompile Include="lecture4_stack.c">
      <Filter>소스 파일\chapter4</Filter>
    </ClCompile>
    <ClCompile Include="lecture4_stack2.c">
      <Filter>소스 파일\chapter4</Filter>
    </ClCompile>
    <ClCompile Include="lecture4_stack3.c">
      <Filter>소스 파일\chapter4</Filter>
    </ClCompile>
    <ClCompile Include="lecture5_linesr_queue.c">
      <Filter>소스 파일\chapter5</Filter>
    </ClCompile>
    <ClCompile Include="lecture5_circular_queue.c">
      <Filter>소스 파일\chapter5</Filter>
    </ClCompile>
    <ClCompile Include="lecture5_deque.c">
      <Filter>소스 파일\chapter5</Filter>
    </ClCompile>
    <ClCompile Include="lecture6_linked_list.c">
      <Filter>소스 파일\chapter6</Filter>
    </ClCompile>
    <ClCompile Include="linkedList_ans.c">
      <Filter>소스 파일\chapter6</Filter>
    </ClCompile>
    <ClCompile Include="lecture6_linked_list_search.c">
      <Filter>소스 파일\chapter6</Filter>
    </ClCompile>
    <ClCompile Include="lecture6_linked_list_merge.c">
      <Filter>소스 파일\chapter6</Filter>
    </ClCompile>
    <ClCompile Include="lecture6_linked_list_reverse.c">
      <Filter>소스 파일\chapter6</Filter>
    </ClCompile>
    <ClCompile Include="lecture6_linked_list_word.c">
      <Filter>소스 파일\chapter6</Filter>
    </ClCompile>
    <ClCompile Include="lecture6_linked_list_poly.c">
      <Filter>소스 파일\chapter6</Filter>
    </ClCompile>
    <ClCompile Include="lecture7_linked_list_circular.c">
      <Filter>소스 파일\chapter7</Filter>
    </ClCompile>
    <ClCompile Include="lecture7_linked_list_double.c">
      <Filter>소스 파일\chapter7</Filter>
    </ClCompile>
    <ClCompile Include="lecture7_linked_list_stack.c">
      <Filter>소스 파일\chapter7</Filter>
    </ClCompile>
    <ClCompile Include="lecture7_linked_list_queue.c">
      <Filter>소스 파일\chapter7</Filter>
    </ClCompile>
    <ClCompile Include="check_maze.c">
      <Filter>소스 파일\Assignment1</Filter>
    </ClCompile>
    <ClCompile Include="maze_1876166.c">
      <Filter>소스 파일\Assignment1</Filter>
    </ClCompile>
    <ClCompile Include="lecture8_tree_linked.c">
      <Filter>소스 파일\lecture8</Filter>
    </ClCompile>
    <ClCompile Include="lecture8_tree_traverse_loop.c">
      <Filter>소스 파일\lecture8</Filter>
    </ClCompile>
    <ClCompile Include="lecture8_treee_traverse_recursive.c">
      <Filter>소스 파일\lecture8</Filter>
    </ClCompile>
    <ClCompile Include="lecture8_tree_evaluation.c">
      <Filter>소스 파일\lecture8</Filter>
    </ClCompile>
    <ClCompile Include="lecture8_tree_directory_size_sum.c">
      <Filter>소스 파일\lecture8</Filter>
    </ClCompile>
    <ClCompile Include="lecture8_tree_count_node.c">
      <Filter>소스 파일\lecture8</Filter>
    </ClCompile>
    <ClCompile Include="lecture8_binary_thread_tree.c">
      <Filter>소스 파일\lecture8</Filter>
    </ClCompile>
    <ClCompile Include="lecture8_binary_search_tree.c">
      <Filter>소스 파일\lecture8</Filter>
    </ClCompile>
    <ClCompile Include="lecture3_typedef_usage.c">
      <Filter>소스 파일\chapter3</Filter>
    </ClCompile>
  </ItemGroup>
</Project>